// !$*UTF8*$!
{
	archiveVersion = 1;
	classes = {
	};
	objectVersion = 46;
	objects = {

/* Begin PBXBuildFile section */
		8BB1BBEC1B22CFC2003F2093 /* AppDelegate.swift in Sources */ = {isa = PBXBuildFile; fileRef = 8BB1BBEB1B22CFC2003F2093 /* AppDelegate.swift */; };
		8BB1BBEF1B22CFC2003F2093 /* EuAluno.xcdatamodeld in Sources */ = {isa = PBXBuildFile; fileRef = 8BB1BBED1B22CFC2003F2093 /* EuAluno.xcdatamodeld */; };
		8BB1BBF11B22CFC2003F2093 /* MasterViewController.swift in Sources */ = {isa = PBXBuildFile; fileRef = 8BB1BBF01B22CFC2003F2093 /* MasterViewController.swift */; };
		8BB1BBF31B22CFC2003F2093 /* DetailViewController.swift in Sources */ = {isa = PBXBuildFile; fileRef = 8BB1BBF21B22CFC2003F2093 /* DetailViewController.swift */; };
		8BB1BBF61B22CFC2003F2093 /* Main.storyboard in Resources */ = {isa = PBXBuildFile; fileRef = 8BB1BBF41B22CFC2003F2093 /* Main.storyboard */; };
		8BB1BBF81B22CFC2003F2093 /* Images.xcassets in Resources */ = {isa = PBXBuildFile; fileRef = 8BB1BBF71B22CFC2003F2093 /* Images.xcassets */; };
		8BB1BBFB1B22CFC2003F2093 /* LaunchScreen.xib in Resources */ = {isa = PBXBuildFile; fileRef = 8BB1BBF91B22CFC2003F2093 /* LaunchScreen.xib */; };
		8BB1BC071B22CFC2003F2093 /* EuAlunoTests.swift in Sources */ = {isa = PBXBuildFile; fileRef = 8BB1BC061B22CFC2003F2093 /* EuAlunoTests.swift */; };
/* End PBXBuildFile section */

/* Begin PBXContainerItemProxy section */
		8BB1BC011B22CFC2003F2093 /* PBXContainerItemProxy */ = {
			isa = PBXContainerItemProxy;
			containerPortal = 8BB1BBDE1B22CFC2003F2093 /* Project object */;
			proxyType = 1;
			remoteGlobalIDString = 8BB1BBE51B22CFC2003F2093;
			remoteInfo = EuAluno;
		};
/* End PBXContainerItemProxy section */

/* Begin PBXFileReference section */
		8BB1BBE61B22CFC2003F2093 /* EuAluno.app */ = {isa = PBXFileReference; explicitFileType = wrapper.application; includeInIndex = 0; path = EuAluno.app; sourceTree = BUILT_PRODUCTS_DIR; };
		8BB1BBEA1B22CFC2003F2093 /* Info.plist */ = {isa = PBXFileReference; lastKnownFileType = text.plist.xml; path = Info.plist; sourceTree = "<group>"; };
		8BB1BBEB1B22CFC2003F2093 /* AppDelegate.swift */ = {isa = PBXFileReference; lastKnownFileType = sourcecode.swift; path = AppDelegate.swift; sourceTree = "<group>"; };
		8BB1BBEE1B22CFC2003F2093 /* EuAluno.xcdatamodel */ = {isa = PBXFileReference; lastKnownFileType = wrapper.xcdatamodel; path = EuAluno.xcdatamodel; sourceTree = "<group>"; };
		8BB1BBF01B22CFC2003F2093 /* MasterViewController.swift */ = {isa = PBXFileReference; lastKnownFileType = sourcecode.swift; path = MasterViewController.swift; sourceTree = "<group>"; };
		8BB1BBF21B22CFC2003F2093 /* DetailViewController.swift */ = {isa = PBXFileReference; lastKnownFileType = sourcecode.swift; path = DetailViewController.swift; sourceTree = "<group>"; };
		8BB1BBF51B22CFC2003F2093 /* Base */ = {isa = PBXFileReference; lastKnownFileType = file.storyboard; name = Base; path = Base.lproj/Main.storyboard; sourceTree = "<group>"; };
		8BB1BBF71B22CFC2003F2093 /* Images.xcassets */ = {isa = PBXFileReference; lastKnownFileType = folder.assetcatalog; path = Images.xcassets; sourceTree = "<group>"; };
		8BB1BBFA1B22CFC2003F2093 /* Base */ = {isa = PBXFileReference; lastKnownFileType = file.xib; name = Base; path = Base.lproj/LaunchScreen.xib; sourceTree = "<group>"; };
		8BB1BC001B22CFC2003F2093 /* EuAlunoTests.xctest */ = {isa = PBXFileReference; explicitFileType = wrapper.cfbundle; includeInIndex = 0; path = EuAlunoTests.xctest; sourceTree = BUILT_PRODUCTS_DIR; };
		8BB1BC051B22CFC2003F2093 /* Info.plist */ = {isa = PBXFileReference; lastKnownFileType = text.plist.xml; path = Info.plist; sourceTree = "<group>"; };
		8BB1BC061B22CFC2003F2093 /* EuAlunoTests.swift */ = {isa = PBXFileReference; lastKnownFileType = sourcecode.swift; path = EuAlunoTests.swift; sourceTree = "<group>"; };
/* End PBXFileReference section */

/* Begin PBXFrameworksBuildPhase section */
		8BB1BBE31B22CFC2003F2093 /* Frameworks */ = {
			isa = PBXFrameworksBuildPhase;
			buildActionMask = 2147483647;
			files = (
			);
			runOnlyForDeploymentPostprocessing = 0;
		};
		8BB1BBFD1B22CFC2003F2093 /* Frameworks */ = {
			isa = PBXFrameworksBuildPhase;
			buildActionMask = 2147483647;
			files = (
			);
			runOnlyForDeploymentPostprocessing = 0;
		};
/* End PBXFrameworksBuildPhase section */

/* Begin PBXGroup section */
		8BB1BBDD1B22CFC2003F2093 = {
			isa = PBXGroup;
			children = (
				8BB1BBE81B22CFC2003F2093 /* EuAluno */,
				8BB1BC031B22CFC2003F2093 /* EuAlunoTests */,
				8BB1BBE71B22CFC2003F2093 /* Products */,
			);
			sourceTree = "<group>";
		};
		8BB1BBE71B22CFC2003F2093 /* Products */ = {
			isa = PBXGroup;
			children = (
				8BB1BBE61B22CFC2003F2093 /* EuAluno.app */,
				8BB1BC001B22CFC2003F2093 /* EuAlunoTests.xctest */,
			);
			name = Products;
			sourceTree = "<group>";
		};
		8BB1BBE81B22CFC2003F2093 /* EuAluno */ = {
			isa = PBXGroup;
			children = (
				8BB1BBEB1B22CFC2003F2093 /* AppDelegate.swift */,
				8BB1BBF01B22CFC2003F2093 /* MasterViewController.swift */,
				8BB1BBF21B22CFC2003F2093 /* DetailViewController.swift */,
				8BB1BBF41B22CFC2003F2093 /* Main.storyboard */,
				8BB1BBF71B22CFC2003F2093 /* Images.xcassets */,
				8BB1BBF91B22CFC2003F2093 /* LaunchScreen.xib */,
				8BB1BBED1B22CFC2003F2093 /* EuAluno.xcdatamodeld */,
				8BB1BBE91B22CFC2003F2093 /* Supporting Files */,
			);
			path = EuAluno;
			sourceTree = "<group>";
		};
		8BB1BBE91B22CFC2003F2093 /* Supporting Files */ = {
			isa = PBXGroup;
			children = (
				8BB1BBEA1B22CFC2003F2093 /* Info.plist */,
			);
			name = "Supporting Files";
			sourceTree = "<group>";
		};
		8BB1BC031B22CFC2003F2093 /* EuAlunoTests */ = {
			isa = PBXGroup;
			children = (
				8BB1BC061B22CFC2003F2093 /* EuAlunoTests.swift */,
				8BB1BC041B22CFC2003F2093 /* Supporting Files */,
			);
			path = EuAlunoTests;
			sourceTree = "<group>";
		};
		8BB1BC041B22CFC2003F2093 /* Supporting Files */ = {
			isa = PBXGroup;
			children = (
				8BB1BC051B22CFC2003F2093 /* Info.plist */,
			);
			name = "Supporting Files";
			sourceTree = "<group>";
		};
/* End PBXGroup section */

/* Begin PBXNativeTarget section */
		8BB1BBE51B22CFC2003F2093 /* EuAluno */ = {
			isa = PBXNativeTarget;
			buildConfigurationList = 8BB1BC0A1B22CFC2003F2093 /* Build configuration list for PBXNativeTarget "EuAluno" */;
			buildPhases = (
				8BB1BBE21B22CFC2003F2093 /* Sources */,
				8BB1BBE31B22CFC2003F2093 /* Frameworks */,
				8BB1BBE41B22CFC2003F2093 /* Resources */,
			);
			buildRules = (
			);
			dependencies = (
			);
			name = EuAluno;
			productName = EuAluno;
			productReference = 8BB1BBE61B22CFC2003F2093 /* EuAluno.app */;
			productType = "com.apple.product-type.application";
		};
		8BB1BBFF1B22CFC2003F2093 /* EuAlunoTests */ = {
			isa = PBXNativeTarget;
			buildConfigurationList = 8BB1BC0D1B22CFC2003F2093 /* Build configuration list for PBXNativeTarget "EuAlunoTests" */;
			buildPhases = (
				8BB1BBFC1B22CFC2003F2093 /* Sources */,
				8BB1BBFD1B22CFC2003F2093 /* Frameworks */,
				8BB1BBFE1B22CFC2003F2093 /* Resources */,
			);
			buildRules = (
			);
			dependencies = (
				8BB1BC021B22CFC2003F2093 /* PBXTargetDependency */,
			);
			name = EuAlunoTests;
			productName = EuAlunoTests;
			productReference = 8BB1BC001B22CFC2003F2093 /* EuAlunoTests.xctest */;
			productType = "com.apple.product-type.bundle.unit-test";
		};
/* End PBXNativeTarget section */

/* Begin PBXProject section */
		8BB1BBDE1B22CFC2003F2093 /* Project object */ = {
			isa = PBXProject;
			attributes = {
				LastUpgradeCheck = 0630;
				ORGANIZATIONNAME = "Fernando Lucheti";
				TargetAttributes = {
					8BB1BBE51B22CFC2003F2093 = {
						CreatedOnToolsVersion = 6.3.2;
					};
					8BB1BBFF1B22CFC2003F2093 = {
						CreatedOnToolsVersion = 6.3.2;
						TestTargetID = 8BB1BBE51B22CFC2003F2093;
					};
				};
			};
			buildConfigurationList = 8BB1BBE11B22CFC2003F2093 /* Build configuration list for PBXProject "EuAluno" */;
			compatibilityVersion = "Xcode 3.2";
			developmentRegion = English;
			hasScannedForEncodings = 0;
			knownRegions = (
				en,
				Base,
			);
			mainGroup = 8BB1BBDD1B22CFC2003F2093;
			productRefGroup = 8BB1BBE71B22CFC2003F2093 /* Products */;
			projectDirPath = "";
			projectRoot = "";
			targets = (
				8BB1BBE51B22CFC2003F2093 /* EuAluno */,
				8BB1BBFF1B22CFC2003F2093 /* EuAlunoTests */,
			);
		};
/* End PBXProject section */

/* Begin PBXResourcesBuildPhase section */
		8BB1BBE41B22CFC2003F2093 /* Resources */ = {
			isa = PBXResourcesBuildPhase;
			buildActionMask = 2147483647;
			files = (
				8BB1BBF61B22CFC2003F2093 /* Main.storyboard in Resources */,
				8BB1BBFB1B22CFC2003F2093 /* LaunchScreen.xib in Resources */,
				8BB1BBF81B22CFC2003F2093 /* Images.xcassets in Resources */,
			);
			runOnlyForDeploymentPostprocessing = 0;
		};
		8BB1BBFE1B22CFC2003F2093 /* Resources */ = {
			isa = PBXResourcesBuildPhase;
			buildActionMask = 2147483647;
			files = (
			);
			runOnlyForDeploymentPostprocessing = 0;
		};
/* End PBXResourcesBuildPhase section */

/* Begin PBXSourcesBuildPhase section */
		8BB1BBE21B22CFC2003F2093 /* Sources */ = {
			isa = PBXSourcesBuildPhase;
			buildActionMask = 2147483647;
			files = (
				8BB1BBEC1B22CFC2003F2093 /* AppDelegate.swift in Sources */,
				8BB1BBEF1B22CFC2003F2093 /* EuAluno.xcdatamodeld in Sources */,
				8BB1BBF11B22CFC2003F2093 /* MasterViewController.swift in Sources */,
				8BB1BBF31B22CFC2003F2093 /* DetailViewController.swift in Sources */,
			);
			runOnlyForDeploymentPostprocessing = 0;
		};
		8BB1BBFC1B22CFC2003F2093 /* Sources */ = {
			isa = PBXSourcesBuildPhase;
			buildActionMask = 2147483647;
			files = (
				8BB1BC071B22CFC2003F2093 /* EuAlunoTests.swift in Sources */,
			);
			runOnlyForDeploymentPostprocessing = 0;
		};
/* End PBXSourcesBuildPhase section */

/* Begin PBXTargetDependency section */
		8BB1BC021B22CFC2003F2093 /* PBXTargetDependency */ = {
			isa = PBXTargetDependency;
			target = 8BB1BBE51B22CFC2003F2093 /* EuAluno */;
			targetProxy = 8BB1BC011B22CFC2003F2093 /* PBXContainerItemProxy */;
		};
/* End PBXTargetDependency section */

/* Begin PBXVariantGroup section */
		8BB1BBF41B22CFC2003F2093 /* Main.storyboard */ = {
			isa = PBXVariantGroup;
			children = (
				8BB1BBF51B22CFC2003F2093 /* Base */,
			);
			name = Main.storyboard;
			sourceTree = "<group>";
		};
		8BB1BBF91B22CFC2003F2093 /* LaunchScreen.xib */ = {
			isa = PBXVariantGroup;
			children = (
				8BB1BBFA1B22CFC2003F2093 /* Base */,
			);
			name = LaunchScreen.xib;
			sourceTree = "<group>";
		};
/* End PBXVariantGroup section */

/* Begin XCBuildConfiguration section */
		8BB1BC081B22CFC2003F2093 /* Debug */ = {
			isa = XCBuildConfiguration;
			buildSettings = {
				ALWAYS_SEARCH_USER_PATHS = NO;
				CLANG_CXX_LANGUAGE_STANDARD = "gnu++0x";
				CLANG_CXX_LIBRARY = "libc++";
				CLANG_ENABLE_MODULES = YES;
				CLANG_ENABLE_OBJC_ARC = YES;
				CLANG_WARN_BOOL_CONVERSION = YES;
				CLANG_WARN_CONSTANT_CONVERSION = YES;
				CLANG_WARN_DIRECT_OBJC_ISA_USAGE = YES_ERROR;
				CLANG_WARN_EMPTY_BODY = YES;
				CLANG_WARN_ENUM_CONVERSION = YES;
				CLANG_WARN_INT_CONVERSION = YES;
				CLANG_WARN_OBJC_ROOT_CLASS = YES_ERROR;
				CLANG_WARN_UNREACHABLE_CODE = YES;
				CLANG_WARN__DUPLICATE_METHOD_MATCH = YES;
				"CODE_SIGN_IDENTITY[sdk=iphoneos*]" = "iPhone Developer";
				COPY_PHASE_STRIP = NO;
				DEBUG_INFORMATION_FORMAT = "dwarf-with-dsym";
				ENABLE_STRICT_OBJC_MSGSEND = YES;
				GCC_C_LANGUAGE_STANDARD = gnu99;
				GCC_DYNAMIC_NO_PIC = NO;
				GCC_NO_COMMON_BLOCKS = YES;
				GCC_OPTIMIZATION_LEVEL = 0;
				GCC_PREPROCESSOR_DEFINITIONS = (
					"DEBUG=1",
					"$(inherited)",
				);
				GCC_SYMBOLS_PRIVATE_EXTERN = NO;
				GCC_WARN_64_TO_32_BIT_CONVERSION = YES;
				GCC_WARN_ABOUT_RETURN_TYPE = YES_ERROR;
				GCC_WARN_UNDECLARED_SELECTOR = YES;
				GCC_WARN_UNINITIALIZED_AUTOS = YES_AGGRESSIVE;
				GCC_WARN_UNUSED_FUNCTION = YES;
				GCC_WARN_UNUSED_VARIABLE = YES;
				IPHONEOS_DEPLOYMENT_TARGET = 8.3;
				MTL_ENABLE_DEBUG_INFO = YES;
				ONLY_ACTIVE_ARCH = YES;
				SDKROOT = iphoneos;
				SWIFT_OPTIMIZATION_LEVEL = "-Onone";
				TARGETED_DEVICE_FAMILY = "1,2";
			};
			name = Debug;
		};
		8BB1BC091B22CFC2003F2093 /* Release */ = {
			isa = XCBuildConfiguration;
			buildSettings = {
				ALWAYS_SEARCH_USER_PATHS = NO;
				CLANG_CXX_LANGUAGE_STANDARD = "gnu++0x";
				CLANG_CXX_LIBRARY = "libc++";
				CLANG_ENABLE_MODULES = YES;
				CLANG_ENABLE_OBJC_ARC = YES;
				CLANG_WARN_BOOL_CONVERSION = YES;
				CLANG_WARN_CONSTANT_CONVERSION = YES;
				CLANG_WARN_DIRECT_OBJC_ISA_USAGE = YES_ERROR;
				CLANG_WARN_EMPTY_BODY = YES;
				CLANG_WARN_ENUM_CONVERSION = YES;
				CLANG_WARN_INT_CONVERSION = YES;
				CLANG_WARN_OBJC_ROOT_CLASS = YES_ERROR;
				CLANG_WARN_UNREACHABLE_CODE = YES;
				CLANG_WARN__DUPLICATE_METHOD_MATCH = YES;
				"CODE_SIGN_IDENTITY[sdk=iphoneos*]" = "iPhone Developer";
				COPY_PHASE_STRIP = NO;
				DEBUG_INFORMATION_FORMAT = "dwarf-with-dsym";
				ENABLE_NS_ASSERTIONS = NO;
				ENABLE_STRICT_OBJC_MSGSEND = YES;
				GCC_C_LANGUAGE_STANDARD = gnu99;
				GCC_NO_COMMON_BLOCKS = YES;
				GCC_WARN_64_TO_32_BIT_CONVERSION = YES;
				GCC_WARN_ABOUT_RETURN_TYPE = YES_ERROR;
				GCC_WARN_UNDECLARED_SELECTOR = YES;
				GCC_WARN_UNINITIALIZED_AUTOS = YES_AGGRESSIVE;
				GCC_WARN_UNUSED_FUNCTION = YES;
				GCC_WARN_UNUSED_VARIABLE = YES;
				IPHONEOS_DEPLOYMENT_TARGET = 8.3;
				MTL_ENABLE_DEBUG_INFO = NO;
				SDKROOT = iphoneos;
				TARGETED_DEVICE_FAMILY = "1,2";
				VALIDATE_PRODUCT = YES;
			};
			name = Release;
		};
		8BB1BC0B1B22CFC2003F2093 /* Debug */ = {
			isa = XCBuildConfiguration;
			buildSettings = {
				ASSETCATALOG_COMPILER_APPICON_NAME = AppIcon;
				INFOPLIST_FILE = EuAluno/Info.plist;
				LD_RUNPATH_SEARCH_PATHS = "$(inherited) @executable_path/Frameworks";
				PRODUCT_NAME = "$(TARGET_NAME)";
			};
			name = Debug;
		};
		8BB1BC0C1B22CFC2003F2093 /* Release */ = {
			isa = XCBuildConfiguration;
			buildSettings = {
				ASSETCATALOG_COMPILER_APPICON_NAME = AppIcon;
				INFOPLIST_FILE = EuAluno/Info.plist;
				LD_RUNPATH_SEARCH_PATHS = "$(inherited) @executable_path/Frameworks";
				PRODUCT_NAME = "$(TARGET_NAME)";
			};
			name = Release;
		};
		8BB1BC0E1B22CFC2003F2093 /* Debug */ = {
			isa = XCBuildConfiguration;
			buildSettings = {
				BUNDLE_LOADER = "$(TEST_HOST)";
				FRAMEWORK_SEARCH_PATHS = (
					"$(SDKROOT)/Developer/Library/Frameworks",
					"$(inherited)",
				);
				GCC_PREPROCESSOR_DEFINITIONS = (
					"DEBUG=1",
					"$(inherited)",
				);
				INFOPLIST_FILE = EuAlunoTests/Info.plist;
				LD_RUNPATH_SEARCH_PATHS = "$(inherited) @executable_path/Frameworks @loader_path/Frameworks";
				PRODUCT_NAME = "$(TARGET_NAME)";
				TEST_HOST = "$(BUILT_PRODUCTS_DIR)/EuAluno.app/EuAluno";
			};
			name = Debug;
		};
		8BB1BC0F1B22CFC2003F2093 /* Release */ = {
			isa = XCBuildConfiguration;
			buildSettings = {
				BUNDLE_LOADER = "$(TEST_HOST)";
				FRAMEWORK_SEARCH_PATHS = (
					"$(SDKROOT)/Developer/Library/Frameworks",
					"$(inherited)",
				);
				INFOPLIST_FILE = EuAlunoTests/Info.plist;
				LD_RUNPATH_SEARCH_PATHS = "$(inherited) @executable_path/Frameworks @loader_path/Frameworks";
				PRODUCT_NAME = "$(TARGET_NAME)";
				TEST_HOST = "$(BUILT_PRODUCTS_DIR)/EuAluno.app/EuAluno";
			};
			name = Release;
		};
/* End XCBuildConfiguration section */

/* Begin XCConfigurationList section */
		8BB1BBE11B22CFC2003F2093 /* Build configuration list for PBXProject "EuAluno" */ = {
			isa = XCConfigurationList;
			buildConfigurations = (
				8BB1BC081B22CFC2003F2093 /* Debug */,
				8BB1BC091B22CFC2003F2093 /* Release */,
			);
			defaultConfigurationIsVisible = 0;
			defaultConfigurationName = Release;
		};
		8BB1BC0A1B22CFC2003F2093 /* Build configuration list for PBXNativeTarget "EuAluno" */ = {
			isa = XCConfigurationList;
			buildConfigurations = (
				8BB1BC0B1B22CFC2003F2093 /* Debug */,
				8BB1BC0C1B22CFC2003F2093 /* Release */,
			);
			defaultConfigurationIsVisible = 0;
		};
		8BB1BC0D1B22CFC2003F2093 /* Build configuration list for PBXNativeTarget "EuAlunoTests" */ = {
			isa = XCConfigurationList;
			buildConfigurations = (
				8BB1BC0E1B22CFC2003F2093 /* Debug */,
				8BB1BC0F1B22CFC2003F2093 /* Release */,
			);
			defaultConfigurationIsVisible = 0;
		};
/* End XCConfigurationList section */

/* Begin XCVersionGroup section */
		8BB1BBED1B22CFC2003F2093 /* EuAluno.xcdatamodeld */ = {
			isa = XCVersionGroup;
			children = (
				8BB1BBEE1B22CFC2003F2093 /* EuAluno.xcdatamodel */,
			);
			currentVersion = 8BB1BBEE1B22CFC2003F2093 /* EuAluno.xcdatamodel */;
			path = EuAluno.xcdatamodeld;
			sourceTree = "<group>";
			versionGroupType = wrapper.xcdatamodel;
		};
/* End XCVersionGroup section */
	};
	rootObject = 8BB1BBDE1B22CFC2003F2093 /* Project object */;
}
